// !$*UTF8*$!
{
	archiveVersion = 1;
	classes = {
	};
	objectVersion = 46;
	objects = {

/* Begin PBXBuildFile section */
		1C01F23B1F16E68A0035621A /* AppDelegate.swift in Sources */ = {isa = PBXBuildFile; fileRef = 1C01F23A1F16E68A0035621A /* AppDelegate.swift */; };
		1C01F23D1F16E68A0035621A /* GameViewController.swift in Sources */ = {isa = PBXBuildFile; fileRef = 1C01F23C1F16E68A0035621A /* GameViewController.swift */; };
		1C01F2401F16E68A0035621A /* Main.storyboard in Resources */ = {isa = PBXBuildFile; fileRef = 1C01F23E1F16E68A0035621A /* Main.storyboard */; };
		1C01F2451F16E68A0035621A /* Assets.xcassets in Resources */ = {isa = PBXBuildFile; fileRef = 1C01F2441F16E68A0035621A /* Assets.xcassets */; };
		1C01F2481F16E68A0035621A /* LaunchScreen.storyboard in Resources */ = {isa = PBXBuildFile; fileRef = 1C01F2461F16E68A0035621A /* LaunchScreen.storyboard */; };
		1C01F2531F16E68A0035621A /* SubitizationsTests.swift in Sources */ = {isa = PBXBuildFile; fileRef = 1C01F2521F16E68A0035621A /* SubitizationsTests.swift */; };
		1C01F25E1F16E68A0035621A /* SubitizationsUITests.swift in Sources */ = {isa = PBXBuildFile; fileRef = 1C01F25D1F16E68A0035621A /* SubitizationsUITests.swift */; };
		1C01F26C1F16E6B30035621A /* Configurations.swift in Sources */ = {isa = PBXBuildFile; fileRef = 1C01F26B1F16E6B30035621A /* Configurations.swift */; };
		1C01F26E1F16E88D0035621A /* Convenience.swift in Sources */ = {isa = PBXBuildFile; fileRef = 1C01F26D1F16E88D0035621A /* Convenience.swift */; };
		1C86D3931F230D2800CD1328 /* Data.swift in Sources */ = {isa = PBXBuildFile; fileRef = 1C86D3921F230D2700CD1328 /* Data.swift */; };
		1C86D3951F230E5400CD1328 /* ResponseButton.swift in Sources */ = {isa = PBXBuildFile; fileRef = 1C86D3941F230E5400CD1328 /* ResponseButton.swift */; };
		1C86D3971F23D30800CD1328 /* Numbershape.swift in Sources */ = {isa = PBXBuildFile; fileRef = 1C86D3961F23D30800CD1328 /* Numbershape.swift */; };
		1C86D3991F255BB800CD1328 /* SquareButton.png in Resources */ = {isa = PBXBuildFile; fileRef = 1C86D3981F255BB800CD1328 /* SquareButton.png */; };
		1C86D3C61F282F2500CD1328 /* Levels.swift in Sources */ = {isa = PBXBuildFile; fileRef = 1C86D3C51F282F2500CD1328 /* Levels.swift */; };
		1C86D3C81F29172300CD1328 /* State.swift in Sources */ = {isa = PBXBuildFile; fileRef = 1C86D3C71F29172300CD1328 /* State.swift */; };
		1C86D3CA1F2922D400CD1328 /* PinkButton.png in Resources */ = {isa = PBXBuildFile; fileRef = 1C86D3C91F2922D400CD1328 /* PinkButton.png */; };
		1C86D3CC1F2C76A600CD1328 /* WhiteButton.png in Resources */ = {isa = PBXBuildFile; fileRef = 1C86D3CB1F2C76A600CD1328 /* WhiteButton.png */; };
		1C86D3CE1F2C7A1C00CD1328 /* GlassBall.png in Resources */ = {isa = PBXBuildFile; fileRef = 1C86D3CD1F2C7A1C00CD1328 /* GlassBall.png */; };
		1C86D4061F31137B00CD1328 /* RainbowTrophy.png in Resources */ = {isa = PBXBuildFile; fileRef = 1C86D3FB1F31137B00CD1328 /* RainbowTrophy.png */; };
		1C86D4071F31137B00CD1328 /* Avatar.png in Resources */ = {isa = PBXBuildFile; fileRef = 1C86D3FC1F31137B00CD1328 /* Avatar.png */; };
		1C86D4081F31137B00CD1328 /* LittleBlueTrophy.png in Resources */ = {isa = PBXBuildFile; fileRef = 1C86D3FD1F31137B00CD1328 /* LittleBlueTrophy.png */; };
		1C86D4091F31137B00CD1328 /* LittleGreenTrophy.png in Resources */ = {isa = PBXBuildFile; fileRef = 1C86D3FE1F31137B00CD1328 /* LittleGreenTrophy.png */; };
		1C86D40A1F31137B00CD1328 /* MedBronzeTrophy.png in Resources */ = {isa = PBXBuildFile; fileRef = 1C86D3FF1F31137B00CD1328 /* MedBronzeTrophy.png */; };
		1C86D40B1F31137B00CD1328 /* BigSilverTrophy.png in Resources */ = {isa = PBXBuildFile; fileRef = 1C86D4001F31137B00CD1328 /* BigSilverTrophy.png */; };
		1C86D40C1F31137B00CD1328 /* BigGoldTrophy.png in Resources */ = {isa = PBXBuildFile; fileRef = 1C86D4011F31137B00CD1328 /* BigGoldTrophy.png */; };
		1C86D40D1F31137B00CD1328 /* EmptyTrophy.png in Resources */ = {isa = PBXBuildFile; fileRef = 1C86D4021F31137B00CD1328 /* EmptyTrophy.png */; };
		1C86D40E1F31137B00CD1328 /* GoldTrophy.png in Resources */ = {isa = PBXBuildFile; fileRef = 1C86D4031F31137B00CD1328 /* GoldTrophy.png */; };
		1C86D40F1F31137B00CD1328 /* BronzeTrophy.png in Resources */ = {isa = PBXBuildFile; fileRef = 1C86D4041F31137B00CD1328 /* BronzeTrophy.png */; };
		1C86D4101F31137B00CD1328 /* BareColumn.png in Resources */ = {isa = PBXBuildFile; fileRef = 1C86D4051F31137B00CD1328 /* BareColumn.png */; };
		1C86D4121F311DCD00CD1328 /* Library.swift in Sources */ = {isa = PBXBuildFile; fileRef = 1C86D4111F311DCD00CD1328 /* Library.swift */; };
		1C86D4141F32338B00CD1328 /* TrophyButton.swift in Sources */ = {isa = PBXBuildFile; fileRef = 1C86D4131F32338B00CD1328 /* TrophyButton.swift */; };
		1C86D5391F428E8C00CD1328 /* WelcomeViewController.swift in Sources */ = {isa = PBXBuildFile; fileRef = 1C86D5381F428E8C00CD1328 /* WelcomeViewController.swift */; };
		1C86D53C1F45602B00CD1328 /* GridViewController.swift in Sources */ = {isa = PBXBuildFile; fileRef = 1C86D53B1F45602B00CD1328 /* GridViewController.swift */; };
		1C86D53E1F4560B900CD1328 /* ColorPicker.swift in Sources */ = {isa = PBXBuildFile; fileRef = 1C86D53D1F4560B900CD1328 /* ColorPicker.swift */; };
		1C86D5411F45645300CD1328 /* TouchableBall.swift in Sources */ = {isa = PBXBuildFile; fileRef = 1C86D5401F45645300CD1328 /* TouchableBall.swift */; };
		1C86D5431F45E14000CD1328 /* MarbleViewController.swift in Sources */ = {isa = PBXBuildFile; fileRef = 1C86D5421F45E14000CD1328 /* MarbleViewController.swift */; };
		1C86D54B1F45EC8900CD1328 /* PinkThumbPrint.png in Resources */ = {isa = PBXBuildFile; fileRef = 1C86D5451F45EC8900CD1328 /* PinkThumbPrint.png */; };
		1C86D54C1F45EC8900CD1328 /* OrangeThumbPrint.png in Resources */ = {isa = PBXBuildFile; fileRef = 1C86D5461F45EC8900CD1328 /* OrangeThumbPrint.png */; };
		1C86D54D1F45EC8900CD1328 /* PurpleThumbPrint.png in Resources */ = {isa = PBXBuildFile; fileRef = 1C86D5471F45EC8900CD1328 /* PurpleThumbPrint.png */; };
		1C86D54E1F45EC8900CD1328 /* BlueThumbPrint.png in Resources */ = {isa = PBXBuildFile; fileRef = 1C86D5481F45EC8900CD1328 /* BlueThumbPrint.png */; };
		1C86D54F1F45EC8900CD1328 /* GreenThumbPrint.png in Resources */ = {isa = PBXBuildFile; fileRef = 1C86D5491F45EC8900CD1328 /* GreenThumbPrint.png */; };
		1C86D5501F45EC8900CD1328 /* RedThumbPrint.png in Resources */ = {isa = PBXBuildFile; fileRef = 1C86D54A1F45EC8900CD1328 /* RedThumbPrint.png */; };
		1C86D5521F45F2C600CD1328 /* NoBall.png in Resources */ = {isa = PBXBuildFile; fileRef = 1C86D5511F45F2C600CD1328 /* NoBall.png */; };
		1C86D5541F46749600CD1328 /* GridItem.swift in Sources */ = {isa = PBXBuildFile; fileRef = 1C86D5531F46749600CD1328 /* GridItem.swift */; };
		1C86D5561F4675F800CD1328 /* Protocols.swift in Sources */ = {isa = PBXBuildFile; fileRef = 1C86D5551F4675F800CD1328 /* Protocols.swift */; };
		1C86D5581F46A24300CD1328 /* NumberShapeForMarbles.swift in Sources */ = {isa = PBXBuildFile; fileRef = 1C86D5571F46A24300CD1328 /* NumberShapeForMarbles.swift */; };
		1C86D55A1F476D3F00CD1328 /* Alerts.swift in Sources */ = {isa = PBXBuildFile; fileRef = 1C86D5591F476D3E00CD1328 /* Alerts.swift */; };
		1C86D55C1F47A10E00CD1328 /* Const.swift in Sources */ = {isa = PBXBuildFile; fileRef = 1C86D55B1F47A10E00CD1328 /* Const.swift */; };
		1C86D55E1F48F58500CD1328 /* TestViewController.swift in Sources */ = {isa = PBXBuildFile; fileRef = 1C86D55D1F48F58500CD1328 /* TestViewController.swift */; };
		1C86D5611F48F63900CD1328 /* NumberShapesLibrary.swift in Sources */ = {isa = PBXBuildFile; fileRef = 1C86D5601F48F63900CD1328 /* NumberShapesLibrary.swift */; };
		1CF947741F17BA0400B62F31 /* TableViewCell.swift in Sources */ = {isa = PBXBuildFile; fileRef = 1CF947731F17BA0400B62F31 /* TableViewCell.swift */; };
		1CF947761F17BA3600B62F31 /* Init.swift in Sources */ = {isa = PBXBuildFile; fileRef = 1CF947751F17BA3600B62F31 /* Init.swift */; };
		1CF947781F17F58700B62F31 /* Model.swift in Sources */ = {isa = PBXBuildFile; fileRef = 1CF947771F17F58700B62F31 /* Model.swift */; };
		1CF9477A1F1828C000B62F31 /* PinkBall.png in Resources */ = {isa = PBXBuildFile; fileRef = 1CF947791F1828C000B62F31 /* PinkBall.png */; };
		1CF9477D1F1910A600B62F31 /* GreenBall.png in Resources */ = {isa = PBXBuildFile; fileRef = 1CF9477C1F1910A600B62F31 /* GreenBall.png */; };
		1CF9477F1F19A17B00B62F31 /* Clouds.png in Resources */ = {isa = PBXBuildFile; fileRef = 1CF9477E1F19A17B00B62F31 /* Clouds.png */; };
		1CF947811F19A18900B62F31 /* Styles.swift in Sources */ = {isa = PBXBuildFile; fileRef = 1CF947801F19A18900B62F31 /* Styles.swift */; };
		1CF947861F19A49700B62F31 /* BlueBall.png in Resources */ = {isa = PBXBuildFile; fileRef = 1CF947821F19A49700B62F31 /* BlueBall.png */; };
		1CF947871F19A49700B62F31 /* OrangeBall.png in Resources */ = {isa = PBXBuildFile; fileRef = 1CF947831F19A49700B62F31 /* OrangeBall.png */; };
		1CF947881F19A49700B62F31 /* PurpleBall.png in Resources */ = {isa = PBXBuildFile; fileRef = 1CF947841F19A49700B62F31 /* PurpleBall.png */; };
		1CF947891F19A49700B62F31 /* RedBall.png in Resources */ = {isa = PBXBuildFile; fileRef = 1CF947851F19A49700B62F31 /* RedBall.png */; };
		1CF9478B1F19AA8100B62F31 /* LoginViewController.swift in Sources */ = {isa = PBXBuildFile; fileRef = 1CF9478A1F19AA8100B62F31 /* LoginViewController.swift */; };
		1CF947A31F1A7E9C00B62F31 /* Data.xcdatamodeld in Sources */ = {isa = PBXBuildFile; fileRef = 1CF947A11F1A7E9C00B62F31 /* Data.xcdatamodeld */; };
/* End PBXBuildFile section */

/* Begin PBXContainerItemProxy section */
		1C01F24F1F16E68A0035621A /* PBXContainerItemProxy */ = {
			isa = PBXContainerItemProxy;
			containerPortal = 1C01F22F1F16E68A0035621A /* Project object */;
			proxyType = 1;
			remoteGlobalIDString = 1C01F2361F16E68A0035621A;
			remoteInfo = Subitizations;
		};
		1C01F25A1F16E68A0035621A /* PBXContainerItemProxy */ = {
			isa = PBXContainerItemProxy;
			containerPortal = 1C01F22F1F16E68A0035621A /* Project object */;
			proxyType = 1;
			remoteGlobalIDString = 1C01F2361F16E68A0035621A;
			remoteInfo = Subitizations;
		};
/* End PBXContainerItemProxy section */

/* Begin PBXFileReference section */
		1C01F2371F16E68A0035621A /* Subitizations.app */ = {isa = PBXFileReference; explicitFileType = wrapper.application; includeInIndex = 0; path = Subitizations.app; sourceTree = BUILT_PRODUCTS_DIR; };
		1C01F23A1F16E68A0035621A /* AppDelegate.swift */ = {isa = PBXFileReference; lastKnownFileType = sourcecode.swift; path = AppDelegate.swift; sourceTree = "<group>"; };
		1C01F23C1F16E68A0035621A /* GameViewController.swift */ = {isa = PBXFileReference; lastKnownFileType = sourcecode.swift; path = GameViewController.swift; sourceTree = "<group>"; };
		1C01F23F1F16E68A0035621A /* Base */ = {isa = PBXFileReference; lastKnownFileType = file.storyboard; name = Base; path = Base.lproj/Main.storyboard; sourceTree = "<group>"; };
		1C01F2441F16E68A0035621A /* Assets.xcassets */ = {isa = PBXFileReference; lastKnownFileType = folder.assetcatalog; path = Assets.xcassets; sourceTree = "<group>"; };
		1C01F2471F16E68A0035621A /* Base */ = {isa = PBXFileReference; lastKnownFileType = file.storyboard; name = Base; path = Base.lproj/LaunchScreen.storyboard; sourceTree = "<group>"; };
		1C01F2491F16E68A0035621A /* Info.plist */ = {isa = PBXFileReference; lastKnownFileType = text.plist.xml; path = Info.plist; sourceTree = "<group>"; };
		1C01F24E1F16E68A0035621A /* SubitizationsTests.xctest */ = {isa = PBXFileReference; explicitFileType = wrapper.cfbundle; includeInIndex = 0; path = SubitizationsTests.xctest; sourceTree = BUILT_PRODUCTS_DIR; };
		1C01F2521F16E68A0035621A /* SubitizationsTests.swift */ = {isa = PBXFileReference; lastKnownFileType = sourcecode.swift; path = SubitizationsTests.swift; sourceTree = "<group>"; };
		1C01F2541F16E68A0035621A /* Info.plist */ = {isa = PBXFileReference; lastKnownFileType = text.plist.xml; path = Info.plist; sourceTree = "<group>"; };
		1C01F2591F16E68A0035621A /* SubitizationsUITests.xctest */ = {isa = PBXFileReference; explicitFileType = wrapper.cfbundle; includeInIndex = 0; path = SubitizationsUITests.xctest; sourceTree = BUILT_PRODUCTS_DIR; };
		1C01F25D1F16E68A0035621A /* SubitizationsUITests.swift */ = {isa = PBXFileReference; lastKnownFileType = sourcecode.swift; path = SubitizationsUITests.swift; sourceTree = "<group>"; };
		1C01F25F1F16E68A0035621A /* Info.plist */ = {isa = PBXFileReference; lastKnownFileType = text.plist.xml; path = Info.plist; sourceTree = "<group>"; };
		1C01F26B1F16E6B30035621A /* Configurations.swift */ = {isa = PBXFileReference; fileEncoding = 4; lastKnownFileType = sourcecode.swift; path = Configurations.swift; sourceTree = "<group>"; };
		1C01F26D1F16E88D0035621A /* Convenience.swift */ = {isa = PBXFileReference; fileEncoding = 4; lastKnownFileType = sourcecode.swift; path = Convenience.swift; sourceTree = "<group>"; };
		1C86D3921F230D2700CD1328 /* Data.swift */ = {isa = PBXFileReference; fileEncoding = 4; lastKnownFileType = sourcecode.swift; path = Data.swift; sourceTree = "<group>"; };
		1C86D3941F230E5400CD1328 /* ResponseButton.swift */ = {isa = PBXFileReference; fileEncoding = 4; lastKnownFileType = sourcecode.swift; path = ResponseButton.swift; sourceTree = "<group>"; };
		1C86D3961F23D30800CD1328 /* Numbershape.swift */ = {isa = PBXFileReference; fileEncoding = 4; lastKnownFileType = sourcecode.swift; path = Numbershape.swift; sourceTree = "<group>"; };
		1C86D3981F255BB800CD1328 /* SquareButton.png */ = {isa = PBXFileReference; lastKnownFileType = image.png; path = SquareButton.png; sourceTree = SOURCE_ROOT; };
		1C86D3C51F282F2500CD1328 /* Levels.swift */ = {isa = PBXFileReference; fileEncoding = 4; lastKnownFileType = sourcecode.swift; path = Levels.swift; sourceTree = "<group>"; };
		1C86D3C71F29172300CD1328 /* State.swift */ = {isa = PBXFileReference; fileEncoding = 4; lastKnownFileType = sourcecode.swift; path = State.swift; sourceTree = "<group>"; };
		1C86D3C91F2922D400CD1328 /* PinkButton.png */ = {isa = PBXFileReference; lastKnownFileType = image.png; path = PinkButton.png; sourceTree = "<group>"; };
		1C86D3CB1F2C76A600CD1328 /* WhiteButton.png */ = {isa = PBXFileReference; lastKnownFileType = image.png; path = WhiteButton.png; sourceTree = SOURCE_ROOT; };
		1C86D3CD1F2C7A1C00CD1328 /* GlassBall.png */ = {isa = PBXFileReference; lastKnownFileType = image.png; path = GlassBall.png; sourceTree = "<group>"; };
		1C86D3FB1F31137B00CD1328 /* RainbowTrophy.png */ = {isa = PBXFileReference; lastKnownFileType = image.png; path = RainbowTrophy.png; sourceTree = "<group>"; };
		1C86D3FC1F31137B00CD1328 /* Avatar.png */ = {isa = PBXFileReference; lastKnownFileType = image.png; path = Avatar.png; sourceTree = "<group>"; };
		1C86D3FD1F31137B00CD1328 /* LittleBlueTrophy.png */ = {isa = PBXFileReference; lastKnownFileType = image.png; path = LittleBlueTrophy.png; sourceTree = "<group>"; };
		1C86D3FE1F31137B00CD1328 /* LittleGreenTrophy.png */ = {isa = PBXFileReference; lastKnownFileType = image.png; path = LittleGreenTrophy.png; sourceTree = "<group>"; };
		1C86D3FF1F31137B00CD1328 /* MedBronzeTrophy.png */ = {isa = PBXFileReference; lastKnownFileType = image.png; path = MedBronzeTrophy.png; sourceTree = "<group>"; };
		1C86D4001F31137B00CD1328 /* BigSilverTrophy.png */ = {isa = PBXFileReference; lastKnownFileType = image.png; path = BigSilverTrophy.png; sourceTree = "<group>"; };
		1C86D4011F31137B00CD1328 /* BigGoldTrophy.png */ = {isa = PBXFileReference; lastKnownFileType = image.png; path = BigGoldTrophy.png; sourceTree = "<group>"; };
		1C86D4021F31137B00CD1328 /* EmptyTrophy.png */ = {isa = PBXFileReference; lastKnownFileType = image.png; path = EmptyTrophy.png; sourceTree = "<group>"; };
		1C86D4031F31137B00CD1328 /* GoldTrophy.png */ = {isa = PBXFileReference; lastKnownFileType = image.png; path = GoldTrophy.png; sourceTree = "<group>"; };
		1C86D4041F31137B00CD1328 /* BronzeTrophy.png */ = {isa = PBXFileReference; lastKnownFileType = image.png; path = BronzeTrophy.png; sourceTree = "<group>"; };
		1C86D4051F31137B00CD1328 /* BareColumn.png */ = {isa = PBXFileReference; lastKnownFileType = image.png; path = BareColumn.png; sourceTree = "<group>"; };
		1C86D4111F311DCD00CD1328 /* Library.swift */ = {isa = PBXFileReference; fileEncoding = 4; lastKnownFileType = sourcecode.swift; path = Library.swift; sourceTree = "<group>"; };
		1C86D4131F32338B00CD1328 /* TrophyButton.swift */ = {isa = PBXFileReference; fileEncoding = 4; lastKnownFileType = sourcecode.swift; path = TrophyButton.swift; sourceTree = "<group>"; };
		1C86D5381F428E8C00CD1328 /* WelcomeViewController.swift */ = {isa = PBXFileReference; fileEncoding = 4; lastKnownFileType = sourcecode.swift; path = WelcomeViewController.swift; sourceTree = "<group>"; };
		1C86D53B1F45602B00CD1328 /* GridViewController.swift */ = {isa = PBXFileReference; fileEncoding = 4; lastKnownFileType = sourcecode.swift; path = GridViewController.swift; sourceTree = "<group>"; };
		1C86D53D1F4560B900CD1328 /* ColorPicker.swift */ = {isa = PBXFileReference; fileEncoding = 4; lastKnownFileType = sourcecode.swift; path = ColorPicker.swift; sourceTree = "<group>"; };
		1C86D5401F45645300CD1328 /* TouchableBall.swift */ = {isa = PBXFileReference; fileEncoding = 4; lastKnownFileType = sourcecode.swift; name = TouchableBall.swift; path = Subitizations/TouchableBall.swift; sourceTree = "<group>"; };
		1C86D5421F45E14000CD1328 /* MarbleViewController.swift */ = {isa = PBXFileReference; fileEncoding = 4; lastKnownFileType = sourcecode.swift; path = MarbleViewController.swift; sourceTree = "<group>"; };
		1C86D5451F45EC8900CD1328 /* PinkThumbPrint.png */ = {isa = PBXFileReference; lastKnownFileType = image.png; path = PinkThumbPrint.png; sourceTree = "<group>"; };
		1C86D5461F45EC8900CD1328 /* OrangeThumbPrint.png */ = {isa = PBXFileReference; lastKnownFileType = image.png; path = OrangeThumbPrint.png; sourceTree = "<group>"; };
		1C86D5471F45EC8900CD1328 /* PurpleThumbPrint.png */ = {isa = PBXFileReference; lastKnownFileType = image.png; path = PurpleThumbPrint.png; sourceTree = "<group>"; };
		1C86D5481F45EC8900CD1328 /* BlueThumbPrint.png */ = {isa = PBXFileReference; lastKnownFileType = image.png; path = BlueThumbPrint.png; sourceTree = "<group>"; };
		1C86D5491F45EC8900CD1328 /* GreenThumbPrint.png */ = {isa = PBXFileReference; lastKnownFileType = image.png; path = GreenThumbPrint.png; sourceTree = "<group>"; };
		1C86D54A1F45EC8900CD1328 /* RedThumbPrint.png */ = {isa = PBXFileReference; lastKnownFileType = image.png; path = RedThumbPrint.png; sourceTree = "<group>"; };
		1C86D5511F45F2C600CD1328 /* NoBall.png */ = {isa = PBXFileReference; lastKnownFileType = image.png; path = NoBall.png; sourceTree = "<group>"; };
		1C86D5531F46749600CD1328 /* GridItem.swift */ = {isa = PBXFileReference; fileEncoding = 4; lastKnownFileType = sourcecode.swift; path = GridItem.swift; sourceTree = "<group>"; };
		1C86D5551F4675F800CD1328 /* Protocols.swift */ = {isa = PBXFileReference; fileEncoding = 4; lastKnownFileType = sourcecode.swift; path = Protocols.swift; sourceTree = "<group>"; };
		1C86D5571F46A24300CD1328 /* NumberShapeForMarbles.swift */ = {isa = PBXFileReference; fileEncoding = 4; lastKnownFileType = sourcecode.swift; path = NumberShapeForMarbles.swift; sourceTree = "<group>"; };
		1C86D5591F476D3E00CD1328 /* Alerts.swift */ = {isa = PBXFileReference; fileEncoding = 4; lastKnownFileType = sourcecode.swift; name = Alerts.swift; path = ../Alerts.swift; sourceTree = "<group>"; };
		1C86D55B1F47A10E00CD1328 /* Const.swift */ = {isa = PBXFileReference; fileEncoding = 4; lastKnownFileType = sourcecode.swift; path = Const.swift; sourceTree = "<group>"; };
		1C86D55D1F48F58500CD1328 /* TestViewController.swift */ = {isa = PBXFileReference; fileEncoding = 4; lastKnownFileType = sourcecode.swift; path = TestViewController.swift; sourceTree = "<group>"; };
		1C86D5601F48F63900CD1328 /* NumberShapesLibrary.swift */ = {isa = PBXFileReference; fileEncoding = 4; lastKnownFileType = sourcecode.swift; path = NumberShapesLibrary.swift; sourceTree = "<group>"; };
		1CF947731F17BA0400B62F31 /* TableViewCell.swift */ = {isa = PBXFileReference; fileEncoding = 4; lastKnownFileType = sourcecode.swift; path = TableViewCell.swift; sourceTree = "<group>"; };
		1CF947751F17BA3600B62F31 /* Init.swift */ = {isa = PBXFileReference; fileEncoding = 4; lastKnownFileType = sourcecode.swift; path = Init.swift; sourceTree = "<group>"; };
		1CF947771F17F58700B62F31 /* Model.swift */ = {isa = PBXFileReference; fileEncoding = 4; lastKnownFileType = sourcecode.swift; path = Model.swift; sourceTree = "<group>"; };
		1CF947791F1828C000B62F31 /* PinkBall.png */ = {isa = PBXFileReference; lastKnownFileType = image.png; path = PinkBall.png; sourceTree = "<group>"; };
		1CF9477C1F1910A600B62F31 /* GreenBall.png */ = {isa = PBXFileReference; lastKnownFileType = image.png; path = GreenBall.png; sourceTree = "<group>"; };
		1CF9477E1F19A17B00B62F31 /* Clouds.png */ = {isa = PBXFileReference; lastKnownFileType = image.png; path = Clouds.png; sourceTree = "<group>"; };
		1CF947801F19A18900B62F31 /* Styles.swift */ = {isa = PBXFileReference; fileEncoding = 4; lastKnownFileType = sourcecode.swift; path = Styles.swift; sourceTree = "<group>"; };
		1CF947821F19A49700B62F31 /* BlueBall.png */ = {isa = PBXFileReference; lastKnownFileType = image.png; path = BlueBall.png; sourceTree = "<group>"; };
		1CF947831F19A49700B62F31 /* OrangeBall.png */ = {isa = PBXFileReference; lastKnownFileType = image.png; path = OrangeBall.png; sourceTree = "<group>"; };
		1CF947841F19A49700B62F31 /* PurpleBall.png */ = {isa = PBXFileReference; lastKnownFileType = image.png; path = PurpleBall.png; sourceTree = "<group>"; };
		1CF947851F19A49700B62F31 /* RedBall.png */ = {isa = PBXFileReference; lastKnownFileType = image.png; path = RedBall.png; sourceTree = "<group>"; };
		1CF9478A1F19AA8100B62F31 /* LoginViewController.swift */ = {isa = PBXFileReference; fileEncoding = 4; lastKnownFileType = sourcecode.swift; path = LoginViewController.swift; sourceTree = "<group>"; };
		1CF947A21F1A7E9C00B62F31 /* Data.xcdatamodel */ = {isa = PBXFileReference; lastKnownFileType = wrapper.xcdatamodel; path = Data.xcdatamodel; sourceTree = "<group>"; };
/* End PBXFileReference section */

/* Begin PBXFrameworksBuildPhase section */
		1C01F2341F16E68A0035621A /* Frameworks */ = {
			isa = PBXFrameworksBuildPhase;
			buildActionMask = 2147483647;
			files = (
			);
			runOnlyForDeploymentPostprocessing = 0;
		};
		1C01F24B1F16E68A0035621A /* Frameworks */ = {
			isa = PBXFrameworksBuildPhase;
			buildActionMask = 2147483647;
			files = (
			);
			runOnlyForDeploymentPostprocessing = 0;
		};
		1C01F2561F16E68A0035621A /* Frameworks */ = {
			isa = PBXFrameworksBuildPhase;
			buildActionMask = 2147483647;
			files = (
			);
			runOnlyForDeploymentPostprocessing = 0;
		};
/* End PBXFrameworksBuildPhase section */

/* Begin PBXGroup section */
		1C01F22E1F16E68A0035621A = {
			isa = PBXGroup;
			children = (
				1CF947A11F1A7E9C00B62F31 /* Data.xcdatamodeld */,
				1C01F2391F16E68A0035621A /* Subitizations */,
				1C01F2511F16E68A0035621A /* SubitizationsTests */,
				1C01F25C1F16E68A0035621A /* SubitizationsUITests */,
				1C01F2381F16E68A0035621A /* Products */,
			);
			sourceTree = "<group>";
		};
		1C01F2381F16E68A0035621A /* Products */ = {
			isa = PBXGroup;
			children = (
				1C01F2371F16E68A0035621A /* Subitizations.app */,
				1C01F24E1F16E68A0035621A /* SubitizationsTests.xctest */,
				1C01F2591F16E68A0035621A /* SubitizationsUITests.xctest */,
			);
			name = Products;
			sourceTree = "<group>";
		};
		1C01F2391F16E68A0035621A /* Subitizations */ = {
			isa = PBXGroup;
			children = (
				1C86D55F1F48F5D200CD1328 /* TestingViewController */,
				1C86D38F1F2308DC00CD1328 /* Game View Controller */,
				1C86D38E1F2308BA00CD1328 /* Login View Controller */,
				1C86D5441F45E14700CD1328 /* MarbleViewController */,
				1C86D53F1F45616100CD1328 /* GridViewController */,
				1C86D53A1F44367900CD1328 /* WelcomeViewController */,
				1C86D3911F23092000CD1328 /* Data & Delegate */,
				1C86D3901F23090500CD1328 /* Global */,
				1C01F23E1F16E68A0035621A /* Main.storyboard */,
				1CF9477B1F1828C700B62F31 /* Assets */,
				1C01F2441F16E68A0035621A /* Assets.xcassets */,
				1C01F2461F16E68A0035621A /* LaunchScreen.storyboard */,
				1C01F2491F16E68A0035621A /* Info.plist */,
			);
			path = Subitizations;
			sourceTree = "<group>";
		};
		1C01F2511F16E68A0035621A /* SubitizationsTests */ = {
			isa = PBXGroup;
			children = (
				1C01F2521F16E68A0035621A /* SubitizationsTests.swift */,
				1C01F2541F16E68A0035621A /* Info.plist */,
			);
			path = SubitizationsTests;
			sourceTree = "<group>";
		};
		1C01F25C1F16E68A0035621A /* SubitizationsUITests */ = {
			isa = PBXGroup;
			children = (
				1C01F25D1F16E68A0035621A /* SubitizationsUITests.swift */,
				1C01F25F1F16E68A0035621A /* Info.plist */,
			);
			path = SubitizationsUITests;
			sourceTree = "<group>";
		};
		1C86D38E1F2308BA00CD1328 /* Login View Controller */ = {
			isa = PBXGroup;
			children = (
				1CF947731F17BA0400B62F31 /* TableViewCell.swift */,
				1CF9478A1F19AA8100B62F31 /* LoginViewController.swift */,
			);
			name = "Login View Controller";
			sourceTree = "<group>";
		};
		1C86D38F1F2308DC00CD1328 /* Game View Controller */ = {
			isa = PBXGroup;
			children = (
				1C01F23C1F16E68A0035621A /* GameViewController.swift */,
				1C86D3941F230E5400CD1328 /* ResponseButton.swift */,
				1C86D4131F32338B00CD1328 /* TrophyButton.swift */,
				1C86D3961F23D30800CD1328 /* Numbershape.swift */,
				1C01F26B1F16E6B30035621A /* Configurations.swift */,
			);
			name = "Game View Controller";
			sourceTree = "<group>";
		};
		1C86D3901F23090500CD1328 /* Global */ = {
			isa = PBXGroup;
			children = (
				1C86D5591F476D3E00CD1328 /* Alerts.swift */,
				1CF947801F19A18900B62F31 /* Styles.swift */,
				1CF947751F17BA3600B62F31 /* Init.swift */,
				1CF947771F17F58700B62F31 /* Model.swift */,
				1C86D3C51F282F2500CD1328 /* Levels.swift */,
				1C86D5551F4675F800CD1328 /* Protocols.swift */,
				1C86D4111F311DCD00CD1328 /* Library.swift */,
				1C86D53D1F4560B900CD1328 /* ColorPicker.swift */,
				1C01F26D1F16E88D0035621A /* Convenience.swift */,
				1C86D55B1F47A10E00CD1328 /* Const.swift */,
				1C86D3C71F29172300CD1328 /* State.swift */,
			);
			name = Global;
			sourceTree = "<group>";
		};
		1C86D3911F23092000CD1328 /* Data & Delegate */ = {
			isa = PBXGroup;
			children = (
				1C01F23A1F16E68A0035621A /* AppDelegate.swift */,
				1C86D3921F230D2700CD1328 /* Data.swift */,
			);
			name = "Data & Delegate";
			sourceTree = "<group>";
		};
		1C86D53A1F44367900CD1328 /* WelcomeViewController */ = {
			isa = PBXGroup;
			children = (
				1C86D5381F428E8C00CD1328 /* WelcomeViewController.swift */,
			);
			name = WelcomeViewController;
			sourceTree = "<group>";
		};
		1C86D53F1F45616100CD1328 /* GridViewController */ = {
			isa = PBXGroup;
			children = (
				1C86D53B1F45602B00CD1328 /* GridViewController.swift */,
				1C86D5531F46749600CD1328 /* GridItem.swift */,
			);
			name = GridViewController;
			path = ..;
			sourceTree = "<group>";
		};
		1C86D5441F45E14700CD1328 /* MarbleViewController */ = {
			isa = PBXGroup;
			children = (
				1C86D5421F45E14000CD1328 /* MarbleViewController.swift */,
				1C86D5571F46A24300CD1328 /* NumberShapeForMarbles.swift */,
				1C86D5401F45645300CD1328 /* TouchableBall.swift */,
			);
			name = MarbleViewController;
			path = ..;
			sourceTree = "<group>";
		};
		1C86D55F1F48F5D200CD1328 /* TestingViewController */ = {
			isa = PBXGroup;
			children = (
				1C86D55D1F48F58500CD1328 /* TestViewController.swift */,
				1C86D5601F48F63900CD1328 /* NumberShapesLibrary.swift */,
			);
			name = TestingViewController;
			path = ..;
			sourceTree = "<group>";
		};
		1CF9477B1F1828C700B62F31 /* Assets */ = {
			isa = PBXGroup;
			children = (
				1C86D3FB1F31137B00CD1328 /* RainbowTrophy.png */,
				1C86D5511F45F2C600CD1328 /* NoBall.png */,
				1C86D3FC1F31137B00CD1328 /* Avatar.png */,
				1C86D3FD1F31137B00CD1328 /* LittleBlueTrophy.png */,
				1C86D3FE1F31137B00CD1328 /* LittleGreenTrophy.png */,
				1C86D3FF1F31137B00CD1328 /* MedBronzeTrophy.png */,
				1C86D4001F31137B00CD1328 /* BigSilverTrophy.png */,
				1C86D4011F31137B00CD1328 /* BigGoldTrophy.png */,
				1C86D4021F31137B00CD1328 /* EmptyTrophy.png */,
				1C86D4031F31137B00CD1328 /* GoldTrophy.png */,
				1C86D4041F31137B00CD1328 /* BronzeTrophy.png */,
				1C86D4051F31137B00CD1328 /* BareColumn.png */,
				1C86D5451F45EC8900CD1328 /* PinkThumbPrint.png */,
				1C86D5461F45EC8900CD1328 /* OrangeThumbPrint.png */,
				1C86D5471F45EC8900CD1328 /* PurpleThumbPrint.png */,
				1C86D5481F45EC8900CD1328 /* BlueThumbPrint.png */,
				1C86D5491F45EC8900CD1328 /* GreenThumbPrint.png */,
				1C86D54A1F45EC8900CD1328 /* RedThumbPrint.png */,
				1C86D3CB1F2C76A600CD1328 /* WhiteButton.png */,
				1C86D3981F255BB800CD1328 /* SquareButton.png */,
				1CF947821F19A49700B62F31 /* BlueBall.png */,
				1C86D3CD1F2C7A1C00CD1328 /* GlassBall.png */,
				1C86D3C91F2922D400CD1328 /* PinkButton.png */,
				1CF947831F19A49700B62F31 /* OrangeBall.png */,
				1CF947841F19A49700B62F31 /* PurpleBall.png */,
				1CF947851F19A49700B62F31 /* RedBall.png */,
				1CF9477E1F19A17B00B62F31 /* Clouds.png */,
				1CF9477C1F1910A600B62F31 /* GreenBall.png */,
				1CF947791F1828C000B62F31 /* PinkBall.png */,
			);
			name = Assets;
			sourceTree = "<group>";
		};
/* End PBXGroup section */

/* Begin PBXNativeTarget section */
		1C01F2361F16E68A0035621A /* Subitizations */ = {
			isa = PBXNativeTarget;
			buildConfigurationList = 1C01F2621F16E68A0035621A /* Build configuration list for PBXNativeTarget "Subitizations" */;
			buildPhases = (
				1C01F2331F16E68A0035621A /* Sources */,
				1C01F2341F16E68A0035621A /* Frameworks */,
				1C01F2351F16E68A0035621A /* Resources */,
			);
			buildRules = (
			);
			dependencies = (
			);
			name = Subitizations;
			productName = Subitizations;
			productReference = 1C01F2371F16E68A0035621A /* Subitizations.app */;
			productType = "com.apple.product-type.application";
		};
		1C01F24D1F16E68A0035621A /* SubitizationsTests */ = {
			isa = PBXNativeTarget;
			buildConfigurationList = 1C01F2651F16E68A0035621A /* Build configuration list for PBXNativeTarget "SubitizationsTests" */;
			buildPhases = (
				1C01F24A1F16E68A0035621A /* Sources */,
				1C01F24B1F16E68A0035621A /* Frameworks */,
				1C01F24C1F16E68A0035621A /* Resources */,
			);
			buildRules = (
			);
			dependencies = (
				1C01F2501F16E68A0035621A /* PBXTargetDependency */,
			);
			name = SubitizationsTests;
			productName = SubitizationsTests;
			productReference = 1C01F24E1F16E68A0035621A /* SubitizationsTests.xctest */;
			productType = "com.apple.product-type.bundle.unit-test";
		};
		1C01F2581F16E68A0035621A /* SubitizationsUITests */ = {
			isa = PBXNativeTarget;
			buildConfigurationList = 1C01F2681F16E68A0035621A /* Build configuration list for PBXNativeTarget "SubitizationsUITests" */;
			buildPhases = (
				1C01F2551F16E68A0035621A /* Sources */,
				1C01F2561F16E68A0035621A /* Frameworks */,
				1C01F2571F16E68A0035621A /* Resources */,
			);
			buildRules = (
			);
			dependencies = (
				1C01F25B1F16E68A0035621A /* PBXTargetDependency */,
			);
			name = SubitizationsUITests;
			productName = SubitizationsUITests;
			productReference = 1C01F2591F16E68A0035621A /* SubitizationsUITests.xctest */;
			productType = "com.apple.product-type.bundle.ui-testing";
		};
/* End PBXNativeTarget section */

/* Begin PBXProject section */
		1C01F22F1F16E68A0035621A /* Project object */ = {
			isa = PBXProject;
			attributes = {
				LastSwiftUpdateCheck = 0830;
				LastUpgradeCheck = 0830;
				ORGANIZATIONNAME = "Andrew Fenner";
				TargetAttributes = {
					1C01F2361F16E68A0035621A = {
						CreatedOnToolsVersion = 8.3.2;
						DevelopmentTeam = U44FL526BD;
						ProvisioningStyle = Automatic;
					};
					1C01F24D1F16E68A0035621A = {
						CreatedOnToolsVersion = 8.3.2;
						DevelopmentTeam = U44FL526BD;
						ProvisioningStyle = Automatic;
						TestTargetID = 1C01F2361F16E68A0035621A;
					};
					1C01F2581F16E68A0035621A = {
						CreatedOnToolsVersion = 8.3.2;
						DevelopmentTeam = U44FL526BD;
						ProvisioningStyle = Automatic;
						TestTargetID = 1C01F2361F16E68A0035621A;
					};
				};
			};
			buildConfigurationList = 1C01F2321F16E68A0035621A /* Build configuration list for PBXProject "Subitizations" */;
			compatibilityVersion = "Xcode 3.2";
			developmentRegion = English;
			hasScannedForEncodings = 0;
			knownRegions = (
				en,
				Base,
			);
			mainGroup = 1C01F22E1F16E68A0035621A;
			productRefGroup = 1C01F2381F16E68A0035621A /* Products */;
			projectDirPath = "";
			projectRoot = "";
			targets = (
				1C01F2361F16E68A0035621A /* Subitizations */,
				1C01F24D1F16E68A0035621A /* SubitizationsTests */,
				1C01F2581F16E68A0035621A /* SubitizationsUITests */,
			);
		};
/* End PBXProject section */

/* Begin PBXResourcesBuildPhase section */
		1C01F2351F16E68A0035621A /* Resources */ = {
			isa = PBXResourcesBuildPhase;
			buildActionMask = 2147483647;
			files = (
				1C86D54B1F45EC8900CD1328 /* PinkThumbPrint.png in Resources */,
				1CF947881F19A49700B62F31 /* PurpleBall.png in Resources */,
				1CF947871F19A49700B62F31 /* OrangeBall.png in Resources */,
				1C86D5501F45EC8900CD1328 /* RedThumbPrint.png in Resources */,
				1CF947891F19A49700B62F31 /* RedBall.png in Resources */,
				1C86D40C1F31137B00CD1328 /* BigGoldTrophy.png in Resources */,
				1C86D3CA1F2922D400CD1328 /* PinkButton.png in Resources */,
				1C86D3991F255BB800CD1328 /* SquareButton.png in Resources */,
				1C86D4091F31137B00CD1328 /* LittleGreenTrophy.png in Resources */,
				1CF9477D1F1910A600B62F31 /* GreenBall.png in Resources */,
				1C86D40B1F31137B00CD1328 /* BigSilverTrophy.png in Resources */,
				1C86D4081F31137B00CD1328 /* LittleBlueTrophy.png in Resources */,
				1CF9477A1F1828C000B62F31 /* PinkBall.png in Resources */,
				1C86D54D1F45EC8900CD1328 /* PurpleThumbPrint.png in Resources */,
				1C86D40D1F31137B00CD1328 /* EmptyTrophy.png in Resources */,
				1C86D54C1F45EC8900CD1328 /* OrangeThumbPrint.png in Resources */,
				1C86D4061F31137B00CD1328 /* RainbowTrophy.png in Resources */,
				1C01F2481F16E68A0035621A /* LaunchScreen.storyboard in Resources */,
				1C86D40A1F31137B00CD1328 /* MedBronzeTrophy.png in Resources */,
				1C86D54E1F45EC8900CD1328 /* BlueThumbPrint.png in Resources */,
				1C86D40E1F31137B00CD1328 /* GoldTrophy.png in Resources */,
				1C86D5521F45F2C600CD1328 /* NoBall.png in Resources */,
				1C01F2451F16E68A0035621A /* Assets.xcassets in Resources */,
				1C86D40F1F31137B00CD1328 /* BronzeTrophy.png in Resources */,
				1C01F2401F16E68A0035621A /* Main.storyboard in Resources */,
				1C86D4101F31137B00CD1328 /* BareColumn.png in Resources */,
				1CF947861F19A49700B62F31 /* BlueBall.png in Resources */,
				1C86D4071F31137B00CD1328 /* Avatar.png in Resources */,
				1C86D54F1F45EC8900CD1328 /* GreenThumbPrint.png in Resources */,
				1C86D3CE1F2C7A1C00CD1328 /* GlassBall.png in Resources */,
				1C86D3CC1F2C76A600CD1328 /* WhiteButton.png in Resources */,
				1CF9477F1F19A17B00B62F31 /* Clouds.png in Resources */,
			);
			runOnlyForDeploymentPostprocessing = 0;
		};
		1C01F24C1F16E68A0035621A /* Resources */ = {
			isa = PBXResourcesBuildPhase;
			buildActionMask = 2147483647;
			files = (
			);
			runOnlyForDeploymentPostprocessing = 0;
		};
		1C01F2571F16E68A0035621A /* Resources */ = {
			isa = PBXResourcesBuildPhase;
			buildActionMask = 2147483647;
			files = (
			);
			runOnlyForDeploymentPostprocessing = 0;
		};
/* End PBXResourcesBuildPhase section */

/* Begin PBXSourcesBuildPhase section */
		1C01F2331F16E68A0035621A /* Sources */ = {
			isa = PBXSourcesBuildPhase;
			buildActionMask = 2147483647;
			files = (
				1C86D53C1F45602B00CD1328 /* GridViewController.swift in Sources */,
				1C86D5581F46A24300CD1328 /* NumberShapeForMarbles.swift in Sources */,
				1CF947811F19A18900B62F31 /* Styles.swift in Sources */,
				1C86D4141F32338B00CD1328 /* TrophyButton.swift in Sources */,
				1C01F26C1F16E6B30035621A /* Configurations.swift in Sources */,
				1C86D5541F46749600CD1328 /* GridItem.swift in Sources */,
				1C86D3971F23D30800CD1328 /* Numbershape.swift in Sources */,
				1C86D3951F230E5400CD1328 /* ResponseButton.swift in Sources */,
				1C86D55C1F47A10E00CD1328 /* Const.swift in Sources */,
				1C86D55A1F476D3F00CD1328 /* Alerts.swift in Sources */,
				1C01F26E1F16E88D0035621A /* Convenience.swift in Sources */,
				1C86D5431F45E14000CD1328 /* MarbleViewController.swift in Sources */,
				1C86D3931F230D2800CD1328 /* Data.swift in Sources */,
				1CF947761F17BA3600B62F31 /* Init.swift in Sources */,
				1C86D55E1F48F58500CD1328 /* TestViewController.swift in Sources */,
				1CF947741F17BA0400B62F31 /* TableViewCell.swift in Sources */,
				1C86D5391F428E8C00CD1328 /* WelcomeViewController.swift in Sources */,
				1C86D3C81F29172300CD1328 /* State.swift in Sources */,
				1CF947A31F1A7E9C00B62F31 /* Data.xcdatamodeld in Sources */,
				1C86D5561F4675F800CD1328 /* Protocols.swift in Sources */,
				1C01F23D1F16E68A0035621A /* GameViewController.swift in Sources */,
				1C86D3C61F282F2500CD1328 /* Levels.swift in Sources */,
				1C01F23B1F16E68A0035621A /* AppDelegate.swift in Sources */,
				1C86D5411F45645300CD1328 /* TouchableBall.swift in Sources */,
				1C86D4121F311DCD00CD1328 /* Library.swift in Sources */,
				1C86D53E1F4560B900CD1328 /* ColorPicker.swift in Sources */,
				1CF9478B1F19AA8100B62F31 /* LoginViewController.swift in Sources */,
				1C86D5611F48F63900CD1328 /* NumberShapesLibrary.swift in Sources */,
				1CF947781F17F58700B62F31 /* Model.swift in Sources */,
			);
			runOnlyForDeploymentPostprocessing = 0;
		};
		1C01F24A1F16E68A0035621A /* Sources */ = {
			isa = PBXSourcesBuildPhase;
			buildActionMask = 2147483647;
			files = (
				1C01F2531F16E68A0035621A /* SubitizationsTests.swift in Sources */,
			);
			runOnlyForDeploymentPostprocessing = 0;
		};
		1C01F2551F16E68A0035621A /* Sources */ = {
			isa = PBXSourcesBuildPhase;
			buildActionMask = 2147483647;
			files = (
				1C01F25E1F16E68A0035621A /* SubitizationsUITests.swift in Sources */,
			);
			runOnlyForDeploymentPostprocessing = 0;
		};
/* End PBXSourcesBuildPhase section */

/* Begin PBXTargetDependency section */
		1C01F2501F16E68A0035621A /* PBXTargetDependency */ = {
			isa = PBXTargetDependency;
			target = 1C01F2361F16E68A0035621A /* Subitizations */;
			targetProxy = 1C01F24F1F16E68A0035621A /* PBXContainerItemProxy */;
		};
		1C01F25B1F16E68A0035621A /* PBXTargetDependency */ = {
			isa = PBXTargetDependency;
			target = 1C01F2361F16E68A0035621A /* Subitizations */;
			targetProxy = 1C01F25A1F16E68A0035621A /* PBXContainerItemProxy */;
		};
/* End PBXTargetDependency section */

/* Begin PBXVariantGroup section */
		1C01F23E1F16E68A0035621A /* Main.storyboard */ = {
			isa = PBXVariantGroup;
			children = (
				1C01F23F1F16E68A0035621A /* Base */,
			);
			name = Main.storyboard;
			sourceTree = "<group>";
		};
		1C01F2461F16E68A0035621A /* LaunchScreen.storyboard */ = {
			isa = PBXVariantGroup;
			children = (
				1C01F2471F16E68A0035621A /* Base */,
			);
			name = LaunchScreen.storyboard;
			sourceTree = "<group>";
		};
/* End PBXVariantGroup section */

/* Begin XCBuildConfiguration section */
		1C01F2601F16E68A0035621A /* Debug */ = {
			isa = XCBuildConfiguration;
			buildSettings = {
				ALWAYS_SEARCH_USER_PATHS = NO;
				CLANG_ANALYZER_NONNULL = YES;
				CLANG_ANALYZER_NUMBER_OBJECT_CONVERSION = YES_AGGRESSIVE;
				CLANG_CXX_LANGUAGE_STANDARD = "gnu++0x";
				CLANG_CXX_LIBRARY = "libc++";
				CLANG_ENABLE_MODULES = YES;
				CLANG_ENABLE_OBJC_ARC = YES;
				CLANG_WARN_BOOL_CONVERSION = YES;
				CLANG_WARN_CONSTANT_CONVERSION = YES;
				CLANG_WARN_DIRECT_OBJC_ISA_USAGE = YES_ERROR;
				CLANG_WARN_DOCUMENTATION_COMMENTS = YES;
				CLANG_WARN_EMPTY_BODY = YES;
				CLANG_WARN_ENUM_CONVERSION = YES;
				CLANG_WARN_INFINITE_RECURSION = YES;
				CLANG_WARN_INT_CONVERSION = YES;
				CLANG_WARN_OBJC_ROOT_CLASS = YES_ERROR;
				CLANG_WARN_SUSPICIOUS_MOVE = YES;
				CLANG_WARN_UNREACHABLE_CODE = YES;
				CLANG_WARN__DUPLICATE_METHOD_MATCH = YES;
				"CODE_SIGN_IDENTITY[sdk=iphoneos*]" = "iPhone Developer";
				COPY_PHASE_STRIP = NO;
				DEBUG_INFORMATION_FORMAT = dwarf;
				ENABLE_STRICT_OBJC_MSGSEND = YES;
				ENABLE_TESTABILITY = YES;
				GCC_C_LANGUAGE_STANDARD = gnu99;
				GCC_DYNAMIC_NO_PIC = NO;
				GCC_NO_COMMON_BLOCKS = YES;
				GCC_OPTIMIZATION_LEVEL = 0;
				GCC_PREPROCESSOR_DEFINITIONS = (
					"DEBUG=1",
					"$(inherited)",
				);
				GCC_WARN_64_TO_32_BIT_CONVERSION = YES;
				GCC_WARN_ABOUT_RETURN_TYPE = YES_ERROR;
				GCC_WARN_UNDECLARED_SELECTOR = YES;
				GCC_WARN_UNINITIALIZED_AUTOS = YES_AGGRESSIVE;
				GCC_WARN_UNUSED_FUNCTION = YES;
				GCC_WARN_UNUSED_VARIABLE = YES;
				IPHONEOS_DEPLOYMENT_TARGET = 10.1;
				MTL_ENABLE_DEBUG_INFO = YES;
				ONLY_ACTIVE_ARCH = YES;
				SDKROOT = iphoneos;
				SWIFT_ACTIVE_COMPILATION_CONDITIONS = DEBUG;
				SWIFT_OPTIMIZATION_LEVEL = "-Onone";
				TARGETED_DEVICE_FAMILY = "1,2";
			};
			name = Debug;
		};
		1C01F2611F16E68A0035621A /* Release */ = {
			isa = XCBuildConfiguration;
			buildSettings = {
				ALWAYS_SEARCH_USER_PATHS = NO;
				CLANG_ANALYZER_NONNULL = YES;
				CLANG_ANALYZER_NUMBER_OBJECT_CONVERSION = YES_AGGRESSIVE;
				CLANG_CXX_LANGUAGE_STANDARD = "gnu++0x";
				CLANG_CXX_LIBRARY = "libc++";
				CLANG_ENABLE_MODULES = YES;
				CLANG_ENABLE_OBJC_ARC = YES;
				CLANG_WARN_BOOL_CONVERSION = YES;
				CLANG_WARN_CONSTANT_CONVERSION = YES;
				CLANG_WARN_DIRECT_OBJC_ISA_USAGE = YES_ERROR;
				CLANG_WARN_DOCUMENTATION_COMMENTS = YES;
				CLANG_WARN_EMPTY_BODY = YES;
				CLANG_WARN_ENUM_CONVERSION = YES;
				CLANG_WARN_INFINITE_RECURSION = YES;
				CLANG_WARN_INT_CONVERSION = YES;
				CLANG_WARN_OBJC_ROOT_CLASS = YES_ERROR;
				CLANG_WARN_SUSPICIOUS_MOVE = YES;
				CLANG_WARN_UNREACHABLE_CODE = YES;
				CLANG_WARN__DUPLICATE_METHOD_MATCH = YES;
				"CODE_SIGN_IDENTITY[sdk=iphoneos*]" = "iPhone Developer";
				COPY_PHASE_STRIP = NO;
				DEBUG_INFORMATION_FORMAT = "dwarf-with-dsym";
				ENABLE_NS_ASSERTIONS = NO;
				ENABLE_STRICT_OBJC_MSGSEND = YES;
				GCC_C_LANGUAGE_STANDARD = gnu99;
				GCC_NO_COMMON_BLOCKS = YES;
				GCC_WARN_64_TO_32_BIT_CONVERSION = YES;
				GCC_WARN_ABOUT_RETURN_TYPE = YES_ERROR;
				GCC_WARN_UNDECLARED_SELECTOR = YES;
				GCC_WARN_UNINITIALIZED_AUTOS = YES_AGGRESSIVE;
				GCC_WARN_UNUSED_FUNCTION = YES;
				GCC_WARN_UNUSED_VARIABLE = YES;
				IPHONEOS_DEPLOYMENT_TARGET = 10.1;
				MTL_ENABLE_DEBUG_INFO = NO;
				SDKROOT = iphoneos;
				SWIFT_OPTIMIZATION_LEVEL = "-Owholemodule";
				TARGETED_DEVICE_FAMILY = "1,2";
				VALIDATE_PRODUCT = YES;
			};
			name = Release;
		};
		1C01F2631F16E68A0035621A /* Debug */ = {
			isa = XCBuildConfiguration;
			buildSettings = {
				ASSETCATALOG_COMPILER_APPICON_NAME = AppIcon;
				DEVELOPMENT_TEAM = U44FL526BD;
				INFOPLIST_FILE = Subitizations/Info.plist;
				IPHONEOS_DEPLOYMENT_TARGET = 10.1;
				LD_RUNPATH_SEARCH_PATHS = "$(inherited) @executable_path/Frameworks";
				PRODUCT_BUNDLE_IDENTIFIER = NumberShapes.Subitizations;
				PRODUCT_NAME = "$(TARGET_NAME)";
				SWIFT_VERSION = 3.0;
			};
			name = Debug;
		};
		1C01F2641F16E68A0035621A /* Release */ = {
			isa = XCBuildConfiguration;
			buildSettings = {
				ASSETCATALOG_COMPILER_APPICON_NAME = AppIcon;
				DEVELOPMENT_TEAM = U44FL526BD;
				INFOPLIST_FILE = Subitizations/Info.plist;
				IPHONEOS_DEPLOYMENT_TARGET = 10.1;
				LD_RUNPATH_SEARCH_PATHS = "$(inherited) @executable_path/Frameworks";
				PRODUCT_BUNDLE_IDENTIFIER = NumberShapes.Subitizations;
				PRODUCT_NAME = "$(TARGET_NAME)";
				SWIFT_VERSION = 3.0;
			};
			name = Release;
		};
		1C01F2661F16E68A0035621A /* Debug */ = {
			isa = XCBuildConfiguration;
			buildSettings = {
				ALWAYS_EMBED_SWIFT_STANDARD_LIBRARIES = YES;
				BUNDLE_LOADER = "$(TEST_HOST)";
				DEVELOPMENT_TEAM = U44FL526BD;
				INFOPLIST_FILE = SubitizationsTests/Info.plist;
				LD_RUNPATH_SEARCH_PATHS = "$(inherited) @executable_path/Frameworks @loader_path/Frameworks";
				PRODUCT_BUNDLE_IDENTIFIER = NumberShapes.SubitizationsTests;
				PRODUCT_NAME = "$(TARGET_NAME)";
				SWIFT_VERSION = 3.0;
				TEST_HOST = "$(BUILT_PRODUCTS_DIR)/Subitizations.app/Subitizations";
			};
			name = Debug;
		};
		1C01F2671F16E68A0035621A /* Release */ = {
			isa = XCBuildConfiguration;
			buildSettings = {
				ALWAYS_EMBED_SWIFT_STANDARD_LIBRARIES = YES;
				BUNDLE_LOADER = "$(TEST_HOST)";
				DEVELOPMENT_TEAM = U44FL526BD;
				INFOPLIST_FILE = SubitizationsTests/Info.plist;
				LD_RUNPATH_SEARCH_PATHS = "$(inherited) @executable_path/Frameworks @loader_path/Frameworks";
				PRODUCT_BUNDLE_IDENTIFIER = NumberShapes.SubitizationsTests;
				PRODUCT_NAME = "$(TARGET_NAME)";
				SWIFT_VERSION = 3.0;
				TEST_HOST = "$(BUILT_PRODUCTS_DIR)/Subitizations.app/Subitizations";
			};
			name = Release;
		};
		1C01F2691F16E68A0035621A /* Debug */ = {
			isa = XCBuildConfiguration;
			buildSettings = {
				ALWAYS_EMBED_SWIFT_STANDARD_LIBRARIES = YES;
				DEVELOPMENT_TEAM = U44FL526BD;
				INFOPLIST_FILE = SubitizationsUITests/Info.plist;
				LD_RUNPATH_SEARCH_PATHS = "$(inherited) @executable_path/Frameworks @loader_path/Frameworks";
				PRODUCT_BUNDLE_IDENTIFIER = NumberShapes.SubitizationsUITests;
				PRODUCT_NAME = "$(TARGET_NAME)";
				SWIFT_VERSION = 3.0;
				TEST_TARGET_NAME = Subitizations;
			};
			name = Debug;
		};
		1C01F26A1F16E68A0035621A /* Release */ = {
			isa = XCBuildConfiguration;
			buildSettings = {
				ALWAYS_EMBED_SWIFT_STANDARD_LIBRARIES = YES;
				DEVELOPMENT_TEAM = U44FL526BD;
				INFOPLIST_FILE = SubitizationsUITests/Info.plist;
				LD_RUNPATH_SEARCH_PATHS = "$(inherited) @executable_path/Frameworks @loader_path/Frameworks";
				PRODUCT_BUNDLE_IDENTIFIER = NumberShapes.SubitizationsUITests;
				PRODUCT_NAME = "$(TARGET_NAME)";
				SWIFT_VERSION = 3.0;
				TEST_TARGET_NAME = Subitizations;
			};
			name = Release;
		};
/* End XCBuildConfiguration section */

/* Begin XCConfigurationList section */
		1C01F2321F16E68A0035621A /* Build configuration list for PBXProject "Subitizations" */ = {
			isa = XCConfigurationList;
			buildConfigurations = (
				1C01F2601F16E68A0035621A /* Debug */,
				1C01F2611F16E68A0035621A /* Release */,
			);
			defaultConfigurationIsVisible = 0;
			defaultConfigurationName = Release;
		};
		1C01F2621F16E68A0035621A /* Build configuration list for PBXNativeTarget "Subitizations" */ = {
			isa = XCConfigurationList;
			buildConfigurations = (
				1C01F2631F16E68A0035621A /* Debug */,
				1C01F2641F16E68A0035621A /* Release */,
			);
			defaultConfigurationIsVisible = 0;
			defaultConfigurationName = Release;
		};
		1C01F2651F16E68A0035621A /* Build configuration list for PBXNativeTarget "SubitizationsTests" */ = {
			isa = XCConfigurationList;
			buildConfigurations = (
				1C01F2661F16E68A0035621A /* Debug */,
				1C01F2671F16E68A0035621A /* Release */,
			);
			defaultConfigurationIsVisible = 0;
			defaultConfigurationName = Release;
		};
		1C01F2681F16E68A0035621A /* Build configuration list for PBXNativeTarget "SubitizationsUITests" */ = {
			isa = XCConfigurationList;
			buildConfigurations = (
				1C01F2691F16E68A0035621A /* Debug */,
				1C01F26A1F16E68A0035621A /* Release */,
			);
			defaultConfigurationIsVisible = 0;
			defaultConfigurationName = Release;
		};
/* End XCConfigurationList section */

/* Begin XCVersionGroup section */
		1CF947A11F1A7E9C00B62F31 /* Data.xcdatamodeld */ = {
			isa = XCVersionGroup;
			children = (
				1CF947A21F1A7E9C00B62F31 /* Data.xcdatamodel */,
			);
			currentVersion = 1CF947A21F1A7E9C00B62F31 /* Data.xcdatamodel */;
			path = Data.xcdatamodeld;
			sourceTree = "<group>";
			versionGroupType = wrapper.xcdatamodel;
		};
/* End XCVersionGroup section */
	};
	rootObject = 1C01F22F1F16E68A0035621A /* Project object */;
}
